
Microsoft Visual Studio Solution File, Format Version 12.00
# Visual Studio Version 17
VisualStudioVersion = 17.6.33829.357
MinimumVisualStudioVersion = 10.0.40219.1
Project("{FAE04EC0-301F-11D3-BF4B-00C04F79EFBC}") = "Nicki_Donut", "Nicki_Donut\Nicki_Donut.csproj", "{00B37C90-9B55-4E40-9ED0-C2791A775229}"
EndProject
Global
	GlobalSection(SolutionConfigurationPlatforms) = preSolution
		Debug|Any CPU = Debug|Any CPU
		Release|Any CPU = Release|Any CPU
	EndGlobalSection
	GlobalSection(ProjectConfigurationPlatforms) = postSolution
		{00B37C90-9B55-4E40-9ED0-C2791A775229}.Debug|Any CPU.ActiveCfg = Debug|Any CPU
		{00B37C90-9B55-4E40-9ED0-C2791A775229}.Debug|Any CPU.Build.0 = Debug|Any CPU
		{00B37C90-9B55-4E40-9ED0-C2791A775229}.Release|Any CPU.ActiveCfg = Release|Any CPU
		{00B37C90-9B55-4E40-9ED0-C2791A775229}.Release|Any CPU.Build.0 = Release|Any CPU
	EndGlobalSection
	GlobalSection(SolutionProperties) = preSolution
		HideSolutionNode = FALSE
	EndGlobalSection
	GlobalSection(ExtensibilityGlobals) = postSolution
		SolutionGuid = {9262E60F-E49A-41E6-AD18-6152DF1BDB75}
	EndGlobalSection
EndGlobal
